
Microsoft Visual Studio Solution File, Format Version 12.00
# Visual Studio Version 16
VisualStudioVersion = 16.0.30413.136
MinimumVisualStudioVersion = 10.0.40219.1
Project("{FAE04EC0-301F-11D3-BF4B-00C04F79EFBC}") = "pokus005", "pokus005\pokus005.csproj", "{4697621C-85B7-4937-B7F7-A00F6866F713}"
EndProject
Global
	GlobalSection(SolutionConfigurationPlatforms) = preSolution
		Debug|Any CPU = Debug|Any CPU
		Release|Any CPU = Release|Any CPU
	EndGlobalSection
	GlobalSection(ProjectConfigurationPlatforms) = postSolution
		{4697621C-85B7-4937-B7F7-A00F6866F713}.Debug|Any CPU.ActiveCfg = Debug|Any CPU
		{4697621C-85B7-4937-B7F7-A00F6866F713}.Debug|Any CPU.Build.0 = Debug|Any CPU
		{4697621C-85B7-4937-B7F7-A00F6866F713}.Release|Any CPU.ActiveCfg = Release|Any CPU
		{4697621C-85B7-4937-B7F7-A00F6866F713}.Release|Any CPU.Build.0 = Release|Any CPU
	EndGlobalSection
	GlobalSection(SolutionProperties) = preSolution
		HideSolutionNode = FALSE
	EndGlobalSection
	GlobalSection(ExtensibilityGlobals) = postSolution
		SolutionGuid = {0BE9B370-C687-4081-A5CE-5A9AA1744F41}
	EndGlobalSection
EndGlobal
